
Microsoft Visual Studio Solution File, Format Version 12.00
# Visual Studio 15
VisualStudioVersion = 15.0.27130.2027
MinimumVisualStudioVersion = 10.0.40219.1
Project("{FAE04EC0-301F-11D3-BF4B-00C04F79EFBC}") = "W01Boodschap", "W01Boodschap\W01Boodschap.csproj", "{7DC9A71F-8D26-4416-846A-4A1BF46440BB}"
EndProject
Global
	GlobalSection(SolutionConfigurationPlatforms) = preSolution
		Debug|Any CPU = Debug|Any CPU
		Release|Any CPU = Release|Any CPU
	EndGlobalSection
	GlobalSection(ProjectConfigurationPlatforms) = postSolution
		{7DC9A71F-8D26-4416-846A-4A1BF46440BB}.Debug|Any CPU.ActiveCfg = Debug|Any CPU
		{7DC9A71F-8D26-4416-846A-4A1BF46440BB}.Debug|Any CPU.Build.0 = Debug|Any CPU
		{7DC9A71F-8D26-4416-846A-4A1BF46440BB}.Release|Any CPU.ActiveCfg = Release|Any CPU
		{7DC9A71F-8D26-4416-846A-4A1BF46440BB}.Release|Any CPU.Build.0 = Release|Any CPU
	EndGlobalSection
	GlobalSection(SolutionProperties) = preSolution
		HideSolutionNode = FALSE
	EndGlobalSection
	GlobalSection(ExtensibilityGlobals) = postSolution
		SolutionGuid = {F0E79D7C-572F-4084-98F5-64DA4302FB1A}
	EndGlobalSection
EndGlobal
